# THIS IS AN AUTOGENERATED FILE. DO NOT EDIT THIS FILE DIRECTLY.
# yarn lockfile v1


commander@^9.0.0:
  version "9.4.1"
  resolved "https://registry.yarnpkg.com/commander/-/commander-9.4.1.tgz#d1dd8f2ce6faf93147295c0df13c7c21141cfbdd"
  integrity sha512-5EEkTNyHNGFPD2H+c/dXXfQZYa/scCKasxWcXJaWnNJ99pnQN9Vnmqow+p+PlFPE63Q6mThaZws1T+HxfpgtPw==

lodash.castarray@^4.4.0:
  version "4.4.0"
  resolved "https://registry.yarnpkg.com/lodash.castarray/-/lodash.castarray-4.4.0.tgz#c02513515e309daddd4c24c60cfddcf5976d9115"
  integrity sha512-aVx8ztPv7/2ULbArGJ2Y42bG1mEQ5mGjpdvrbJcJFU3TbYybe+QlLS4pst9zV52ymy2in1KpFPiZnAOATxD4+Q==

lodash.clone@^4.5.0:
  version "4.5.0"
  resolved "https://registry.yarnpkg.com/lodash.clone/-/lodash.clone-4.5.0.tgz#195870450f5a13192478df4bc3d23d2dea1907b6"
  integrity sha512-GhrVeweiTD6uTmmn5hV/lzgCQhccwReIVRLHp7LT4SopOjqEZ5BbX8b5WWEtAKasjmy8hR7ZPwsYlxRCku5odg==

lodash.defaultto@^4.14.0:
  version "4.14.0"
  resolved "https://registry.yarnpkg.com/lodash.defaultto/-/lodash.defaultto-4.14.0.tgz#38bd3d425acee733e0e2bbbd4e4b29711cc2ee11"
  integrity sha512-G6tizqH6rg4P5j32Wy4Z3ZIip7OfG8YWWlPFzUFGcYStH1Ld0l1tWs6NevEQNEDnO1M3NZYjuHuraaFSN5WqeQ==

lodash.get@^4.4.2:
  version "4.4.2"
  resolved "https://registry.yarnpkg.com/lodash.get/-/lodash.get-4.4.2.tgz#2d177f652fa31e939b4438d5341499dfa3825e99"
  integrity sha512-z+Uw/vLuy6gQe8cfaFWD7p0wVv8fJl3mbzXh33RS+0oW2wvUqiRXiQ69gLWSLpgB5/6sU+r6BlQR0MBILadqTQ==

lodash.groupby@^4.6.0:
  version "4.6.0"
  resolved "https://registry.yarnpkg.com/lodash.groupby/-/lodash.groupby-4.6.0.tgz#0b08a1dcf68397c397855c3239783832df7403d1"
  integrity sha512-5dcWxm23+VAoz+awKmBaiBvzox8+RqMgFhi7UvX9DHZr2HdxHXM/Wrf8cfKpsW37RNrvtPn6hSwNqurSILbmJw==

lodash.isequal@^4.5.0:
  version "4.5.0"
  resolved "https://registry.yarnpkg.com/lodash.isequal/-/lodash.isequal-4.5.0.tgz#415c4478f2bcc30120c22ce10ed3226f7d3e18e0"
  integrity sha512-pDo3lu8Jhfjqls6GkMgpahsF9kCyayhgykjyLMNFTKWrpVdAQtYyB4muAMWozBB4ig/dtWAmsMxLEI8wuz+DYQ==

loglevel@^1.8.0:
  version "1.8.1"
  resolved "https://registry.yarnpkg.com/loglevel/-/loglevel-1.8.1.tgz#5c621f83d5b48c54ae93b6156353f555963377b4"
  integrity sha512-tCRIJM51SHjAayKwC+QAg8hT8vg6z7GSgLJKGvzuPb1Wc+hLzqtuVLxp6/HzSPOozuK+8ErAhy7U/sVzw8Dgfg==

promise-queue@^2.2.5:
  version "2.2.5"
  resolved "https://registry.yarnpkg.com/promise-queue/-/promise-queue-2.2.5.tgz#2f6f5f7c0f6d08109e967659c79b88a9ed5e93b4"
  integrity sha512-p/iXrPSVfnqPft24ZdNNLECw/UrtLTpT3jpAAMzl/o5/rDsGCPo3/CQS2611flL6LkoEJ3oQZw7C8Q80ZISXRQ==

tplink-smarthome-api@^4.2.0:
  version "4.2.0"
  resolved "https://registry.yarnpkg.com/tplink-smarthome-api/-/tplink-smarthome-api-4.2.0.tgz#0d87bca34c8c2cb0a6642ae89b2d7c9541cb0a70"
  integrity sha512-hCYXLshcRy+OiMvnSPDXTLC62SmwA9wdtmBN+uBHdgjJqIQi6v6QpNMcvCiGMWpFdyP3KS+XmI73R0mlblS6/Q==
  dependencies:
    commander "^9.0.0"
    lodash.castarray "^4.4.0"
    lodash.clone "^4.5.0"
    lodash.defaultto "^4.14.0"
    lodash.get "^4.4.2"
    lodash.groupby "^4.6.0"
    lodash.isequal "^4.5.0"
    loglevel "^1.8.0"
    promise-queue "^2.2.5"
    tplink-smarthome-crypto "^3.0.0"

tplink-smarthome-crypto@^3.0.0:
  version "3.0.0"
  resolved "https://registry.yarnpkg.com/tplink-smarthome-crypto/-/tplink-smarthome-crypto-3.0.0.tgz#d078829111118093b3e8e4e028cd448fe2e8328f"
  integrity sha512-LxRfcrFVeWNSNyLdVKl52x7jQmwvYengSXCpvEi7M5S8+N/FvVYP25+ol5QdGWKBac6fOklDdz30p+TkC6nydA==
